github.com/PuerkitoBio/goquery v1.5.0 h1:uGvmFXOA73IKluu/F84Xd1tt/z07GYm8X49XKHP7EJk=
github.com/PuerkitoBio/goquery v1.5.0/go.mod h1:qD2PgZ9lccMbQlc7eEOjaeRlFQON7xY8kdmcsrnKqMg=
github.com/andybalholm/cascadia v1.0.0 h1:hOCXnnZ5A+3eVDX8pvgl4kofXv2ELss0bKcqRySc45o=
github.com/andybalholm/cascadia v1.0.0/go.mod h1:GsXiBklL0woXo1j/WYWtSYYC4ouU9PqHO0sqidkEA4Y=
github.com/google/uuid v1.1.1 h1:Gkbcsh/GbpXz7lPftLA3P6TYMwjCLYm83jiFQZF/3gY=
github.com/google/uuid v1.1.1/go.mod h1:TIyPZe4MgqvfeYDBFedMoGGpEw/LqOeaOT+nhxU+yHo=
github.com/lib/pq v1.2.0 h1:LXpIM/LZ5xGFhOpXAQUIMM1HdyqzVYM13zNdjCEEcA0=
github.com/lib/pq v1.2.0/go.mod h1:5WUZQaWbwv1U+lTReE5YruASi9Al49XbQIvNi/34Woo=
github.com/pkg/errors v0.8.1 h1:iURUrRGxPUNPdy5/HRSm+Yj6okJ6UtLINN0Q9M4+h3I=
github.com/pkg/errors v0.8.1/go.mod h1:bwawxfHBFNV+L2hUp1rHADufV3IMtnDRdf1r5NINEl0=
golang.org/x/net v0.0.0-20180218175443-cbe0f9307d01/go.mod h1:mL1N/T3taQHkDXs73rZJwtUhF3w3ftmwwsq0BUmARs4=
golang.org/x/net v0.0.0-20181114220301-adae6a3d119a h1:gOpx8G595UYyvj8UK4+OFyY4rx037g3fmfhe5SasG3U=
golang.org/x/net v0.0.0-20181114220301-adae6a3d119a/go.mod h1:mL1N/T3taQHkDXs73rZJwtUhF3w3ftmwwsq0BUmARs4=
golang.org/x/time v0.0.0-20191024005414-555d28b269f0 h1:/5xXl8Y5W96D+TtHSlonuFqGHIWVuyCkGJLwGh9JJFs=
golang.org/x/time v0.0.0-20191024005414-555d28b269f0/go.mod h1:tRJNPiyCQ0inRvYxbN9jk5I+vvW/OXSQhTDSoE431IQ=
googlemaps.github.io/maps v0.0.0-20191014172202-ce2e58e026c5 h1:kmNjpUqjfAdezeIpg9RyKYzYJp4qV8FnuJmOtWAw3QU=
googlemaps.github.io/maps v0.0.0-20191014172202-ce2e58e026c5/go.mod h1:skwIRP56b3wXI7uVor5+NBjKLuQ3WXPpUvSKq4k7luo=
upper.io/bond v0.0.0-20170726205046-356318cc1c7f h1:gn6KSYyAxZNCwLTov488zMkYKZQKaXS3wY+2Uyj7AqI=
upper.io/bond v0.0.0-20170726205046-356318cc1c7f/go.mod h1:dFOZci8EBB4vWcTIBAjU0bF9o+KpCoMn9LVSWpFjxpk=
upper.io/bond v0.10.0 h1:juS78pMe3b3dM7eg089nsuFTNBnCTaQBOQVcwW0bWsg=
upper.io/bond v0.10.0/go.mod h1:dFOZci8EBB4vWcTIBAjU0bF9o+KpCoMn9LVSWpFjxpk=
upper.io/db.v3 v3.6.3+incompatible h1:SJLWd7H56Vwm4rYa+cHAQDYWcvvOt1C/5PD/IIBZPW8=
upper.io/db.v3 v3.6.3+incompatible/go.mod h1:FgTdD24eBjJAbPKsQSiHUNgXjOR4Lub3u1UMHSIh82Y=
